# This file is generated by running "yarn install" inside your project.
# Manual changes might be lost - proceed with caution!

__metadata:
  version: 10
  cacheKey: 10c0

"@babel/runtime@npm:^7.16.7":
  version: 7.29.2
  resolution: "@babel/runtime@npm:7.29.2"
  checksum: 10c0/30b80a0140d16467792e1bbeb06f655b0dab70407da38dfac7fedae9c859f9ae9d846ef14ad77bd3814c064295fe9b1bc551f1541ea14646ae9f22b71a8bc17a
  languageName: node
  linkType: hard

"@esbuild/aix-ppc64@npm:0.28.2":
  version: 0.28.2
  resolution: "@esbuild/aix-ppc64@npm:0.28.2"
  conditions: os=aix & cpu=ppc64
  languageName: node
  linkType: hard

"@esbuild/android-arm64@npm:0.28.2":
  version: 0.28.2
  resolution: "@esbuild/android-arm64@npm:0.28.2"
  conditions: os=android & cpu=arm64
  languageName: node
  linkType: hard

"@esbuild/android-arm@npm:0.28.2":
  version: 0.28.2
  resolution: "@esbuild/android-arm@npm:0.28.2"
  conditions: os=android & cpu=arm
  languageName: node
  linkType: hard

"@esbuild/android-x64@npm:0.28.2":
  version: 0.28.2
  resolution: "@esbuild/android-x64@npm:0.28.2"
  conditions: os=android & cpu=x64
  languageName: node
  linkType: hard

"@esbuild/darwin-arm64@npm:0.28.2":
  version: 0.28.2
  resolution: "@esbuild/darwin-arm64@npm:0.28.2"
  conditions: os=darwin & cpu=arm64
  languageName: node
  linkType: hard

"@esbuild/darwin-x64@npm:0.28.2":
  version: 0.28.2
  resolution: "@esbuild/darwin-x64@npm:0.28.2"
  conditions: os=darwin & cpu=x64
  languageName: node
  linkType: hard

"@esbuild/freebsd-arm64@npm:0.28.2":
  version: 0.28.2
  resolution: "@esbuild/freebsd-arm64@npm:0.28.2"
  conditions: os=freebsd & cpu=arm64
  languageName: node
  linkType: hard

"@esbuild/freebsd-x64@npm:0.28.2":
  version: 0.28.2
  resolution: "@esbuild/freebsd-x64@npm:0.28.2"
  conditions: os=freebsd & cpu=x64
  languageName: node
  linkType: hard

"@esbuild/linux-arm64@npm:0.28.2":
  version: 0.28.2
  resolution: "@esbuild/linux-arm64@npm:0.28.2"
  conditions: os=linux & cpu=arm64
  languageName: node
  linkType: hard

"@esbuild/linux-arm@npm:0.28.2":
  version: 0.28.2
  resolution: "@esbuild/linux-arm@npm:0.28.2"
  conditions: os=linux & cpu=arm
  languageName: node
  linkType: hard

"@esbuild/linux-ia32@npm:0.28.2":
  version: 0.28.2
  resolution: "@esbuild/linux-ia32@npm:0.28.2"
  conditions: os=linux & cpu=ia32
  languageName: node
  linkType: hard

"@esbuild/linux-loong64@npm:0.28.2":
  version: 0.28.2
  resolution: "@esbuild/linux-loong64@npm:0.28.2"
  conditions: os=linux & cpu=loong64
  languageName: node
  linkType: hard

"@esbuild/linux-mips64el@npm:0.28.2":
  version: 0.28.2
  resolution: "@esbuild/linux-mips64el@npm:0.28.2"
  conditions: os=linux & cpu=mips64el
  languageName: node
  linkType: hard

"@esbuild/linux-ppc64@npm:0.28.2":
  version: 0.28.2
  resolution: "@esbuild/linux-ppc64@npm:0.28.2"
  conditions: os=linux & cpu=ppc64
  languageName: node
  linkType: hard

"@esbuild/linux-riscv64@npm:0.28.2":
  version: 0.28.2
  resolution: "@esbuild/linux-riscv64@npm:0.28.2"
  conditions: os=linux & cpu=riscv64
  languageName: node
  linkType: hard

"@esbuild/linux-s390x@npm:0.28.2":
  version: 0.28.2
  resolution: "@esbuild/linux-s390x@npm:0.28.2"
  conditions: os=linux & cpu=s390x
  languageName: node
  linkType: hard

"@esbuild/linux-x64@npm:0.28.2":
  version: 0.28.2
  resolution: "@esbuild/linux-x64@npm:0.28.2"
  conditions: os=linux & cpu=x64
  languageName: node
  linkType: hard

"@esbuild/netbsd-arm64@npm:0.28.2":
  version: 0.28.2
  resolution: "@esbuild/netbsd-arm64@npm:0.28.2"
  conditions: os=netbsd & cpu=arm64
  languageName: node
  linkType: hard

"@esbuild/netbsd-x64@npm:0.28.2":
  version: 0.28.2
  resolution: "@esbuild/netbsd-x64@npm:0.28.2"
  conditions: os=netbsd & cpu=x64
  languageName: node
  linkType: hard

"@esbuild/openbsd-arm64@npm:0.28.2":
  version: 0.28.2
  resolution: "@esbuild/openbsd-arm64@npm:0.28.2"
  conditions: os=openbsd & cpu=arm64
  languageName: node
  linkType: hard

"@esbuild/openbsd-x64@npm:0.28.2":
  version: 0.28.2
  resolution: "@esbuild/openbsd-x64@npm:0.28.2"
  conditions: os=openbsd & cpu=x64
  languageName: node
  linkType: hard

"@esbuild/openharmony-arm64@npm:0.28.2":
  version: 0.28.2
  resolution: "@esbuild/openharmony-arm64@npm:0.28.2"
  conditions: os=openharmony & cpu=arm64
  languageName: node
  linkType: hard

"@esbuild/sunos-x64@npm:0.28.2":
  version: 0.28.2
  resolution: "@esbuild/sunos-x64@npm:0.28.2"
  conditions: os=sunos & cpu=x64
  languageName: node
  linkType: hard

"@esbuild/win32-arm64@npm:0.28.2":
  version: 0.28.2
  resolution: "@esbuild/win32-arm64@npm:0.28.2"
  conditions: os=win32 & cpu=arm64
  languageName: node
  linkType: hard

"@esbuild/win32-ia32@npm:0.28.2":
  version: 0.28.2
  resolution: "@esbuild/win32-ia32@npm:0.28.2"
  conditions: os=win32 & cpu=ia32
  languageName: node
  linkType: hard

"@esbuild/win32-x64@npm:0.28.2":
  version: 0.28.2
  resolution: "@esbuild/win32-x64@npm:0.28.2"
  conditions: os=win32 & cpu=x64
  languageName: node
  linkType: hard

"@fortawesome/fontawesome-free@npm:^6.7.2":
  version: 6.7.2
  resolution: "@fortawesome/fontawesome-free@npm:6.7.2"
  checksum: 10c0/e27fb8b846f0bcf40c904acc210829a640329fc7b7ec4e42a7c43cb53739ed6052d78df90810f555a5c80bc608fee5a5174db3fa6da617f582d6210009a19278
  languageName: node
  linkType: hard

"@fullcalendar/core@npm:^6.1.21":
  version: 6.1.21
  resolution: "@fullcalendar/core@npm:6.1.21"
  dependencies:
    preact: "npm:~10.12.1"
  checksum: 10c0/6856367e4b1aa7941badcd38198efc379aa03c34a1a6c6d97cd4d68fc6f99d26340cbe1007b247cab01af431abbc89ee78a3cb42d67f1e722655e8adca66692e
  languageName: node
  linkType: hard

"@fullcalendar/daygrid@npm:^6.1.21, @fullcalendar/daygrid@npm:~6.1.21":
  version: 6.1.21
  resolution: "@fullcalendar/daygrid@npm:6.1.21"
  peerDependencies:
    "@fullcalendar/core": ~6.1.21
  checksum: 10c0/8e7a9e25b7390ec9c09970a729259a3882ebd4d5551084d532e330c7584d302e492dc1f15ae100c2430ae885485182dcd9fd75697962ffb1d7ac6f8f74e53407
  languageName: node
  linkType: hard

"@fullcalendar/interaction@npm:^6.1.21":
  version: 6.1.21
  resolution: "@fullcalendar/interaction@npm:6.1.21"
  peerDependencies:
    "@fullcalendar/core": ~6.1.21
  checksum: 10c0/70167d97ce97a20aca2aa2f271e2941c88a21e0b6b825d0fe8b97fb4d6f527476398cce7091c004db6a42fddc985f8806ed75ee62cf9d6683e5080cffd2e12da
  languageName: node
  linkType: hard

"@fullcalendar/list@npm:^6.1.21":
  version: 6.1.21
  resolution: "@fullcalendar/list@npm:6.1.21"
  peerDependencies:
    "@fullcalendar/core": ~6.1.21
  checksum: 10c0/4fcc33074feafe269892a17d60f1cee7402f35224aace35b8fc3c2e44c00e45bbd7263d6549d688bb96c97c67d20717231158140b18b4cd6f9ab34ccb2834000
  languageName: node
  linkType: hard

"@fullcalendar/timegrid@npm:^6.1.21":
  version: 6.1.21
  resolution: "@fullcalendar/timegrid@npm:6.1.21"
  dependencies:
    "@fullcalendar/daygrid": "npm:~6.1.21"
  peerDependencies:
    "@fullcalendar/core": ~6.1.21
  checksum: 10c0/657d3c574c2ba434fee03bfbac70ab1999778476dd8ce1b1506c229aab46f9285188e09cac5a0d036795b3c73476d3e0eaaac05a7d55c742f832668c67e92bf1
  languageName: node
  linkType: hard

"@hotwired/stimulus@npm:^3.2.2":
  version: 3.2.2
  resolution: "@hotwired/stimulus@npm:3.2.2"
  checksum: 10c0/3793919e353d28424f57d07e6b634bf6e8821c227acfa2a608aaa8bdfe7e80479acef12705168ca866f3c231399f4a939fb0cd089aaae04c406b3d885a3b35ea
  languageName: node
  linkType: hard

"@hotwired/turbo-rails@npm:^7.1.0":
  version: 7.3.0
  resolution: "@hotwired/turbo-rails@npm:7.3.0"
  dependencies:
    "@hotwired/turbo": "npm:^7.3.0"
    "@rails/actioncable": "npm:^7.0"
  checksum: 10c0/1b2a5bc8767f0366c91a80a6bac178b8b02ca607add5b14b637f128d9ff08629bf3761931cc892acd46175782649ebdffa76dd45fc7e23f44bff8c06ca452d0b
  languageName: node
  linkType: hard

"@hotwired/turbo-rails@npm:^8.0.23":
  version: 8.0.23
  resolution: "@hotwired/turbo-rails@npm:8.0.23"
  dependencies:
    "@hotwired/turbo": "npm:^8.0.23"
    "@rails/actioncable": "npm:>=7.0"
  checksum: 10c0/58f46b787674029bc70e7a8efd734036214258805686384c8969d360320c33886c90c4da3c08abee3dc9c3ec2672e9c088d9205a2fe1f8b5fee230ce23cfb188
  languageName: node
  linkType: hard

"@hotwired/turbo@npm:^8.0.23":
  version: 8.0.23
  resolution: "@hotwired/turbo@npm:8.0.23"
  checksum: 10c0/600ba4ba7632e27c3ed9e80a2114715df94302d3d3b72b0a70efcd7c31477b377228a7fad629eeb2e4b2d778bf65571b176fc76a6bc5603dfc814810c0a815d6
  languageName: node
  linkType: hard

"@isaacs/fs-minipass@npm:^4.0.0":
  version: 4.0.1
  resolution: "@isaacs/fs-minipass@npm:4.0.1"
  dependencies:
    minipass: "npm:^7.0.4"
  checksum: 10c0/c25b6dc1598790d5b55c0947a9b7d111cfa92594db5296c3b907e2f533c033666f692a3939eadac17b1c7c40d362d0b0635dc874cbfe3e70db7c2b07cc97a5d2
  languageName: node
  linkType: hard

"@parcel/watcher-android-arm64@npm:2.5.6":
  version: 2.5.6
  resolution: "@parcel/watcher-android-arm64@npm:2.5.6"
  conditions: os=android & cpu=arm64
  languageName: node
  linkType: hard

"@parcel/watcher-darwin-arm64@npm:2.5.6":
  version: 2.5.6
  resolution: "@parcel/watcher-darwin-arm64@npm:2.5.6"
  conditions: os=darwin & cpu=arm64
  languageName: node
  linkType: hard

"@parcel/watcher-darwin-x64@npm:2.5.6":
  version: 2.5.6
  resolution: "@parcel/watcher-darwin-x64@npm:2.5.6"
  conditions: os=darwin & cpu=x64
  languageName: node
  linkType: hard

"@parcel/watcher-freebsd-x64@npm:2.5.6":
  version: 2.5.6
  resolution: "@parcel/watcher-freebsd-x64@npm:2.5.6"
  conditions: os=freebsd & cpu=x64
  languageName: node
  linkType: hard

"@parcel/watcher-linux-arm-glibc@npm:2.5.6":
  version: 2.5.6
  resolution: "@parcel/watcher-linux-arm-glibc@npm:2.5.6"
  conditions: os=linux & cpu=arm & libc=glibc
  languageName: node
  linkType: hard

"@parcel/watcher-linux-arm-musl@npm:2.5.6":
  version: 2.5.6
  resolution: "@parcel/watcher-linux-arm-musl@npm:2.5.6"
  conditions: os=linux & cpu=arm & libc=musl
  languageName: node
  linkType: hard

"@parcel/watcher-linux-arm64-glibc@npm:2.5.6":
  version: 2.5.6
  resolution: "@parcel/watcher-linux-arm64-glibc@npm:2.5.6"
  conditions: os=linux & cpu=arm64 & libc=glibc
  languageName: node
  linkType: hard

"@parcel/watcher-linux-arm64-musl@npm:2.5.6":
  version: 2.5.6
  resolution: "@parcel/watcher-linux-arm64-musl@npm:2.5.6"
  conditions: os=linux & cpu=arm64 & libc=musl
  languageName: node
  linkType: hard

"@parcel/watcher-linux-x64-glibc@npm:2.5.6":
  version: 2.5.6
  resolution: "@parcel/watcher-linux-x64-glibc@npm:2.5.6"
  conditions: os=linux & cpu=x64 & libc=glibc
  languageName: node
  linkType: hard

"@parcel/watcher-linux-x64-musl@npm:2.5.6":
  version: 2.5.6
  resolution: "@parcel/watcher-linux-x64-musl@npm:2.5.6"
  conditions: os=linux & cpu=x64 & libc=musl
  languageName: node
  linkType: hard

"@parcel/watcher-win32-arm64@npm:2.5.6":
  version: 2.5.6
  resolution: "@parcel/watcher-win32-arm64@npm:2.5.6"
  conditions: os=win32 & cpu=arm64
  languageName: node
  linkType: hard

"@parcel/watcher-win32-ia32@npm:2.5.6":
  version: 2.5.6
  resolution: "@parcel/watcher-win32-ia32@npm:2.5.6"
  conditions: os=win32 & cpu=ia32
  languageName: node
  linkType: hard

"@parcel/watcher-win32-x64@npm:2.5.6":
  version: 2.5.6
  resolution: "@parcel/watcher-win32-x64@npm:2.5.6"
  conditions: os=win32 & cpu=x64
  languageName: node
  linkType: hard

"@parcel/watcher@npm:^2.4.1":
  version: 2.5.6
  resolution: "@parcel/watcher@npm:2.5.6"
  dependencies:
    "@parcel/watcher-android-arm64": "npm:2.5.6"
    "@parcel/watcher-darwin-arm64": "npm:2.5.6"
    "@parcel/watcher-darwin-x64": "npm:2.5.6"
    "@parcel/watcher-freebsd-x64": "npm:2.5.6"
    "@parcel/watcher-linux-arm-glibc": "npm:2.5.6"
    "@parcel/watcher-linux-arm-musl": "npm:2.5.6"
    "@parcel/watcher-linux-arm64-glibc": "npm:2.5.6"
    "@parcel/watcher-linux-arm64-musl": "npm:2.5.6"
    "@parcel/watcher-linux-x64-glibc": "npm:2.5.6"
    "@parcel/watcher-linux-x64-musl": "npm:2.5.6"
    "@parcel/watcher-win32-arm64": "npm:2.5.6"
    "@parcel/watcher-win32-ia32": "npm:2.5.6"
    "@parcel/watcher-win32-x64": "npm:2.5.6"
    detect-libc: "npm:^2.0.3"
    is-glob: "npm:^4.0.3"
    node-addon-api: "npm:^7.0.0"
    node-gyp: "npm:latest"
    picomatch: "npm:^4.0.3"
  dependenciesMeta:
    "@parcel/watcher-android-arm64":
      optional: true
    "@parcel/watcher-darwin-arm64":
      optional: true
    "@parcel/watcher-darwin-x64":
      optional: true
    "@parcel/watcher-freebsd-x64":
      optional: true
    "@parcel/watcher-linux-arm-glibc":
      optional: true
    "@parcel/watcher-linux-arm-musl":
      optional: true
    "@parcel/watcher-linux-arm64-glibc":
      optional: true
    "@parcel/watcher-linux-arm64-musl":
      optional: true
    "@parcel/watcher-linux-x64-glibc":
      optional: true
    "@parcel/watcher-linux-x64-musl":
      optional: true
    "@parcel/watcher-win32-arm64":
      optional: true
    "@parcel/watcher-win32-ia32":
      optional: true
    "@parcel/watcher-win32-x64":
      optional: true
  checksum: 10c0/1e1d91f92e94e4640089a7cead243b2b81ca9aa8e1c862a97a25f589e84fbf1ad93abeb503f325c43a8c0e024ae0e74b48ec42c1cd84e8e423a3a87d25ded4f2
  languageName: node
  linkType: hard

"@popperjs/core@npm:^2.11.0":
  version: 2.11.8
  resolution: "@popperjs/core@npm:2.11.8"
  checksum: 10c0/4681e682abc006d25eb380d0cf3efc7557043f53b6aea7a5057d0d1e7df849a00e281cd8ea79c902a35a414d7919621fc2ba293ecec05f413598e0b23d5a1e63
  languageName: node
  linkType: hard

"@rails/actioncable@npm:>=7.0":
  version: 8.1.300
  resolution: "@rails/actioncable@npm:8.1.300"
  checksum: 10c0/144e6cc6d83e5bc56287ecd3c989c494915f0bf8593eedf7cbf4c10741fa2a1f75e4bcf7963b3e14114a70563a1dd64272580f81ed707b5fbb7e3734a3f3a6a8
  languageName: node
  linkType: hard

"@rails/actioncable@npm:^7.0":
  version: 7.2.301
  resolution: "@rails/actioncable@npm:7.2.301"
  checksum: 10c0/22706e6c701832254fc5511120d7af1cf586dd89994139cc1ef75bb04f464a5ae2406058e7600b062e02cd093b16dd31f2d1e82d8bfa984fe29c037e5c871c92
  languageName: node
  linkType: hard

"@rails/actiontext@npm:^8.1.300":
  version: 8.1.300
  resolution: "@rails/actiontext@npm:8.1.300"
  dependencies:
    "@rails/activestorage": "npm:>= 8.1.0-alpha"
  peerDependencies:
    trix: ^2.0.0
  checksum: 10c0/0be7c3d183a995310aea2e54c958dbe5dc39283b0314c53385edf2f5743bae93e3fc3f826d10af0470f54e21dbd87087cf550d9621639e63a0c69173b95fe588
  languageName: node
  linkType: hard

"@rails/activestorage@npm:>= 8.1.0-alpha":
  version: 8.1.300
  resolution: "@rails/activestorage@npm:8.1.300"
  dependencies:
    spark-md5: "npm:^3.0.1"
  checksum: 10c0/eacb07a0bccc98c4586cc34d933e481dd8c0c6c3be155816ea5bd8c1e805c78f4bbb8ad65920760888d881a3aa0d2dd9036b50299cc3d1036ce6b4571387a1fa
  languageName: node
  linkType: hard

"@rails/ujs@npm:^6.1.4-1":
  version: 6.1.710
  resolution: "@rails/ujs@npm:6.1.710"
  checksum: 10c0/a32ad643478823276bb1ddfdca3eddb2647344556c034807feebc2f5d446d51984819f9640171eeefa629046cca628fdde3203ceca627ec05168ea29698b1d56
  languageName: node
  linkType: hard

"@sentry/browser-utils@npm:10.72.0":
  version: 10.72.0
  resolution: "@sentry/browser-utils@npm:10.72.0"
  dependencies:
    "@sentry/conventions": "npm:^0.16.0"
    "@sentry/core": "npm:10.72.0"
  checksum: 10c0/2ec35c405a83aa24bc455178db04ec30b0784508ed129cefb7321aa7da2a4e5f966494fbac6c3a658db3dfa90d6d849784257bc82d7afe7e574d312368efd9ca
  languageName: node
  linkType: hard

"@sentry/browser@npm:^10.72.0":
  version: 10.72.0
  resolution: "@sentry/browser@npm:10.72.0"
  dependencies:
    "@sentry/browser-utils": "npm:10.72.0"
    "@sentry/conventions": "npm:^0.16.0"
    "@sentry/core": "npm:10.72.0"
    "@sentry/feedback": "npm:10.72.0"
    "@sentry/replay": "npm:10.72.0"
    "@sentry/replay-canvas": "npm:10.72.0"
  checksum: 10c0/86facf754ab024407b12ca57e00ba8b8a1495c3f58bcdc17491209264fe6173285d9920dde7134a700a52f5d57bf4bfd860a31eab788baf07d710f76d3c549f1
  languageName: node
  linkType: hard

"@sentry/conventions@npm:^0.16.0":
  version: 0.16.0
  resolution: "@sentry/conventions@npm:0.16.0"
  checksum: 10c0/415aaa94cade2b8e0dd00ad9aa06d998d7fe95658a8f43b6e4ef382e3b4c115c8f199ca0fe9b74a98500e8270dc68d5333fd943f7dad6ed78f60d9372231fbe8
  languageName: node
  linkType: hard

"@sentry/core@npm:10.72.0":
  version: 10.72.0
  resolution: "@sentry/core@npm:10.72.0"
  dependencies:
    "@sentry/conventions": "npm:^0.16.0"
  checksum: 10c0/6b923a7d89c746ac87b9f1037ab08017d3c22ca1c8d295ac19bac580f58d5c354d16bd6c017c4834ded7f7a9c124c3dd876dbf256430ee6eabfed8f808b417b9
  languageName: node
  linkType: hard

"@sentry/feedback@npm:10.72.0":
  version: 10.72.0
  resolution: "@sentry/feedback@npm:10.72.0"
  dependencies:
    "@sentry/core": "npm:10.72.0"
  checksum: 10c0/fcfb4820c67bf1684d46a295c60e711123be518ee5d5e917efc0da36fffe4701ffaa4fc7065d1064e58f4f5af0ef84c01f18dbbc51a7fe4705c1b0919fb09278
  languageName: node
  linkType: hard

"@sentry/replay-canvas@npm:10.72.0":
  version: 10.72.0
  resolution: "@sentry/replay-canvas@npm:10.72.0"
  dependencies:
    "@sentry/core": "npm:10.72.0"
    "@sentry/replay": "npm:10.72.0"
  checksum: 10c0/514081d5972dab76a09649457788ab9f58d819c62208c32f415e9531b33c246488b6135f44f12be8ceeb47f585ee48f0d08df24f66f4794553f15bebdf8e5c69
  languageName: node
  linkType: hard

"@sentry/replay@npm:10.72.0":
  version: 10.72.0
  resolution: "@sentry/replay@npm:10.72.0"
  dependencies:
    "@sentry/browser-utils": "npm:10.72.0"
    "@sentry/core": "npm:10.72.0"
  checksum: 10c0/5a3dbe1c6e4aee63187a9705d824014a44121ac87c4daa297ff12ad8f91199f4d3dac3c61b467f579f400e63aa6e4e5ffaf46a3e47dc07bb9ead8cee22b70bfb
  languageName: node
  linkType: hard

"@types/trusted-types@npm:^2.0.7":
  version: 2.0.7
  resolution: "@types/trusted-types@npm:2.0.7"
  checksum: 10c0/4c4855f10de7c6c135e0d32ce462419d8abbbc33713b31d294596c0cc34ae1fa6112a2f9da729c8f7a20707782b0d69da3b1f8df6645b0366d08825ca1522e0c
  languageName: node
  linkType: hard

"abbrev@npm:^5.0.0":
  version: 5.0.0
  resolution: "abbrev@npm:5.0.0"
  checksum: 10c0/8e88f5c798ea4562d28c5a3e9ad69e3879890bc5d695d8f2dffb8609be4c890aacc8f80ef4553fdd2c6a62d70c2ce8bc57b38074e383beb7487bdafa9ed42ea5
  languageName: node
  linkType: hard

"airesis@workspace:.":
  version: 0.0.0-use.local
  resolution: "airesis@workspace:."
  dependencies:
    "@fullcalendar/core": "npm:^6.1.21"
    "@fullcalendar/daygrid": "npm:^6.1.21"
    "@fullcalendar/interaction": "npm:^6.1.21"
    "@fullcalendar/list": "npm:^6.1.21"
    "@fullcalendar/timegrid": "npm:^6.1.21"
    "@hotwired/stimulus": "npm:^3.2.2"
    "@hotwired/turbo-rails": "npm:^8.0.23"
    "@rails/actiontext": "npm:^8.1.300"
    "@sentry/browser": "npm:^10.72.0"
    apexcharts: "npm:^7.0.0"
    daisyui: "npm:^5.7.22"
    esbuild: "npm:^0.28.2"
    leaflet: "npm:^1.9.4"
    rails_admin: "npm:3.3.0"
    sass: "npm:^1.103.1"
    trix: "npm:^2.1.19"
  languageName: unknown
  linkType: soft

"apex-commons@npm:^0.5.0":
  version: 0.5.0
  resolution: "apex-commons@npm:0.5.0"
  checksum: 10c0/0764069117fc4a5b7986eff0736ae0356d9a6cacba59a242c48841355bd721f6d5351bdd88fe7f0932574a7eb3fa5f7ef8648487c0fa99bbe6c0c68df63b8248
  languageName: node
  linkType: hard

"apexcharts@npm:^7.0.0":
  version: 7.0.0
  resolution: "apexcharts@npm:7.0.0"
  dependencies:
    apex-commons: "npm:^0.5.0"
  checksum: 10c0/eab3948ba628be9ed1e747421565a1a79acfe8699597237b6f49cc80697b520d74ec75b28f6ab1bb4cb7046dc496daf7922289a9e3a2c03b8f51e8ae8e81cb22
  languageName: node
  linkType: hard

"bootstrap@npm:^5.1.3":
  version: 5.3.8
  resolution: "bootstrap@npm:5.3.8"
  peerDependencies:
    "@popperjs/core": ^2.11.8
  checksum: 10c0/0039a9df2c3e7bfa04f1abca199c299ff3b75869d578c0cb1721c6f1f203c91531788a5631ecbee01513481979314d0e4ba0d90c2011e6ce18fc2e0bc93e18d9
  languageName: node
  linkType: hard

"chokidar@npm:^5.0.0":
  version: 5.0.0
  resolution: "chokidar@npm:5.0.0"
  dependencies:
    readdirp: "npm:^5.0.0"
  checksum: 10c0/42fc907cb2a7ff5c9e220f84dae75380a77997f851c2a5e7865a2cf9ae45dd407a23557208cdcdbf3ac8c93341135a1748e4c48c31855f3bfa095e5159b6bdec
  languageName: node
  linkType: hard

"chownr@npm:^3.0.0":
  version: 3.0.0
  resolution: "chownr@npm:3.0.0"
  checksum: 10c0/43925b87700f7e3893296c8e9c56cc58f926411cce3a6e5898136daaf08f08b9a8eb76d37d3267e707d0dcc17aed2e2ebdf5848c0c3ce95cf910a919935c1b10
  languageName: node
  linkType: hard

"daisyui@npm:^5.7.22":
  version: 5.7.22
  resolution: "daisyui@npm:5.7.22"
  checksum: 10c0/6ae86761fcb622b43d956da8c89f46fbef40897e47d34aac7a4a3b2880a11158d5323b1a0d8492f631244e6c8d8f60a21d910b1dd9eb1531754b3329537ab721
  languageName: node
  linkType: hard

"detect-libc@npm:^2.0.3":
  version: 2.1.2
  resolution: "detect-libc@npm:2.1.2"
  checksum: 10c0/acc675c29a5649fa1fb6e255f993b8ee829e510b6b56b0910666949c80c364738833417d0edb5f90e4e46be17228b0f2b66a010513984e18b15deeeac49369c4
  languageName: node
  linkType: hard

"dompurify@npm:^3.4.14":
  version: 3.4.14
  resolution: "dompurify@npm:3.4.14"
  dependencies:
    "@types/trusted-types": "npm:^2.0.7"
  dependenciesMeta:
    "@types/trusted-types":
      optional: true
  checksum: 10c0/feca07ece3805d1d4e33e847c11196888dcdc97b2afe0bb8a2fd11de4e62bfdc434c2403ee3fb3c7771e903325041d062febec6c5518796391fdc0419a90a873
  languageName: node
  linkType: hard

"env-paths@npm:^2.2.0":
  version: 2.2.1
  resolution: "env-paths@npm:2.2.1"
  checksum: 10c0/285325677bf00e30845e330eec32894f5105529db97496ee3f598478e50f008c5352a41a30e5e72ec9de8a542b5a570b85699cd63bd2bc646dbcb9f311d83bc4
  languageName: node
  linkType: hard

"esbuild@npm:^0.28.2":
  version: 0.28.2
  resolution: "esbuild@npm:0.28.2"
  dependencies:
    "@esbuild/aix-ppc64": "npm:0.28.2"
    "@esbuild/android-arm": "npm:0.28.2"
    "@esbuild/android-arm64": "npm:0.28.2"
    "@esbuild/android-x64": "npm:0.28.2"
    "@esbuild/darwin-arm64": "npm:0.28.2"
    "@esbuild/darwin-x64": "npm:0.28.2"
    "@esbuild/freebsd-arm64": "npm:0.28.2"
    "@esbuild/freebsd-x64": "npm:0.28.2"
    "@esbuild/linux-arm": "npm:0.28.2"
    "@esbuild/linux-arm64": "npm:0.28.2"
    "@esbuild/linux-ia32": "npm:0.28.2"
    "@esbuild/linux-loong64": "npm:0.28.2"
    "@esbuild/linux-mips64el": "npm:0.28.2"
    "@esbuild/linux-ppc64": "npm:0.28.2"
    "@esbuild/linux-riscv64": "npm:0.28.2"
    "@esbuild/linux-s390x": "npm:0.28.2"
    "@esbuild/linux-x64": "npm:0.28.2"
    "@esbuild/netbsd-arm64": "npm:0.28.2"
    "@esbuild/netbsd-x64": "npm:0.28.2"
    "@esbuild/openbsd-arm64": "npm:0.28.2"
    "@esbuild/openbsd-x64": "npm:0.28.2"
    "@esbuild/openharmony-arm64": "npm:0.28.2"
    "@esbuild/sunos-x64": "npm:0.28.2"
    "@esbuild/win32-arm64": "npm:0.28.2"
    "@esbuild/win32-ia32": "npm:0.28.2"
    "@esbuild/win32-x64": "npm:0.28.2"
  dependenciesMeta:
    "@esbuild/aix-ppc64":
      optional: true
    "@esbuild/android-arm":
      optional: true
    "@esbuild/android-arm64":
      optional: true
    "@esbuild/android-x64":
      optional: true
    "@esbuild/darwin-arm64":
      optional: true
    "@esbuild/darwin-x64":
      optional: true
    "@esbuild/freebsd-arm64":
      optional: true
    "@esbuild/freebsd-x64":
      optional: true
    "@esbuild/linux-arm":
      optional: true
    "@esbuild/linux-arm64":
      optional: true
    "@esbuild/linux-ia32":
      optional: true
    "@esbuild/linux-loong64":
      optional: true
    "@esbuild/linux-mips64el":
      optional: true
    "@esbuild/linux-ppc64":
      optional: true
    "@esbuild/linux-riscv64":
      optional: true
    "@esbuild/linux-s390x":
      optional: true
    "@esbuild/linux-x64":
      optional: true
    "@esbuild/netbsd-arm64":
      optional: true
    "@esbuild/netbsd-x64":
      optional: true
    "@esbuild/openbsd-arm64":
      optional: true
    "@esbuild/openbsd-x64":
      optional: true
    "@esbuild/openharmony-arm64":
      optional: true
    "@esbuild/sunos-x64":
      optional: true
    "@esbuild/win32-arm64":
      optional: true
    "@esbuild/win32-ia32":
      optional: true
    "@esbuild/win32-x64":
      optional: true
  bin:
    esbuild: bin/esbuild
  checksum: 10c0/9b19edb63bd7780fd2e8e65a1394a0e8a05a17d697f73f0647ffe3c134709d8dbe744ab3fd57b35c9470db268cae7678fafd3dcd3ce1f34fc590568c2433f5d2
  languageName: node
  linkType: hard

"exponential-backoff@npm:^3.1.1":
  version: 3.1.3
  resolution: "exponential-backoff@npm:3.1.3"
  checksum: 10c0/77e3ae682b7b1f4972f563c6dbcd2b0d54ac679e62d5d32f3e5085feba20483cf28bd505543f520e287a56d4d55a28d7874299941faf637e779a1aa5994d1267
  languageName: node
  linkType: hard

"fdir@npm:^6.5.0":
  version: 6.5.0
  resolution: "fdir@npm:6.5.0"
  peerDependencies:
    picomatch: ^3 || ^4
  peerDependenciesMeta:
    picomatch:
      optional: true
  checksum: 10c0/e345083c4306b3aed6cb8ec551e26c36bab5c511e99ea4576a16750ddc8d3240e63826cc624f5ae17ad4dc82e68a253213b60d556c11bfad064b7607847ed07f
  languageName: node
  linkType: hard

"flatpickr@npm:^4.6.9":
  version: 4.6.13
  resolution: "flatpickr@npm:4.6.13"
  checksum: 10c0/0e027e72a2ce1716840a8c0bf9094f48d2665dc3f3024bf9604810c5bd7dd94aa830b133c5b5cfc0c330fc88939f33b54c8714515957f9d194c3a3bb7f75a1e2
  languageName: node
  linkType: hard

"graceful-fs@npm:^4.2.6":
  version: 4.2.11
  resolution: "graceful-fs@npm:4.2.11"
  checksum: 10c0/386d011a553e02bc594ac2ca0bd6d9e4c22d7fa8cfbfc448a6d148c59ea881b092db9dbe3547ae4b88e55f1b01f7c4a2ecc53b310c042793e63aa44cf6c257f2
  languageName: node
  linkType: hard

"immutable@npm:^5.1.9":
  version: 5.1.9
  resolution: "immutable@npm:5.1.9"
  checksum: 10c0/ae7032b60b81b682f3e7e4df13e1ec9a401a603eb81b15bb3e37331ed6666e318c71994c6936e1462eb443d32d04769396562a7e2669da22457c8ba279c03ad2
  languageName: node
  linkType: hard

"is-extglob@npm:^2.1.1":
  version: 2.1.1
  resolution: "is-extglob@npm:2.1.1"
  checksum: 10c0/5487da35691fbc339700bbb2730430b07777a3c21b9ebaecb3072512dfd7b4ba78ac2381a87e8d78d20ea08affb3f1971b4af629173a6bf435ff8a4c47747912
  languageName: node
  linkType: hard

"is-glob@npm:^4.0.3":
  version: 4.0.3
  resolution: "is-glob@npm:4.0.3"
  dependencies:
    is-extglob: "npm:^2.1.1"
  checksum: 10c0/17fb4014e22be3bbecea9b2e3a76e9e34ff645466be702f1693e8f1ee1adac84710d0be0bd9f967d6354036fd51ab7c2741d954d6e91dae6bb69714de92c197a
  languageName: node
  linkType: hard

"isexe@npm:^4.0.0":
  version: 4.0.0
  resolution: "isexe@npm:4.0.0"
  checksum: 10c0/5884815115bceac452877659a9c7726382531592f43dc29e5d48b7c4100661aed54018cb90bd36cb2eaeba521092570769167acbb95c18d39afdccbcca06c5ce
  languageName: node
  linkType: hard

"jquery-ui@npm:^1.12.1 <1.14.0":
  version: 1.13.3
  resolution: "jquery-ui@npm:1.13.3"
  dependencies:
    jquery: "npm:>=1.8.0 <4.0.0"
  checksum: 10c0/d6c9b330e42ecd90cbf687ebd77c3f6572a4ef151c9572375fd82efe1dc4af21c0a568095af540805cbe1a1bea50306cfb6d12bff5297d646ae3d2fe3d6c54da
  languageName: node
  linkType: hard

"jquery@npm:>=1.8.0 <4.0.0, jquery@npm:^3.6.0":
  version: 3.7.1
  resolution: "jquery@npm:3.7.1"
  checksum: 10c0/808cfbfb758438560224bf26e17fcd5afc7419170230c810dd11f5c1792e2263e2970cca8d659eb84fcd9acc301edb6d310096e450277d54be4f57071b0c82d9
  languageName: node
  linkType: hard

"leaflet@npm:^1.9.4":
  version: 1.9.4
  resolution: "leaflet@npm:1.9.4"
  checksum: 10c0/f639441dbb7eb9ae3fcd29ffd7d3508f6c6106892441634b0232fafb9ffb1588b05a8244ec7085de2c98b5ed703894df246898477836cfd0ce5b96d4717b5ca1
  languageName: node
  linkType: hard

"minipass@npm:^7.0.4, minipass@npm:^7.1.2":
  version: 7.1.3
  resolution: "minipass@npm:7.1.3"
  checksum: 10c0/539da88daca16533211ea5a9ee98dc62ff5742f531f54640dd34429e621955e91cc280a91a776026264b7f9f6735947629f920944e9c1558369e8bf22eb33fbb
  languageName: node
  linkType: hard

"minizlib@npm:^3.1.0":
  version: 3.1.0
  resolution: "minizlib@npm:3.1.0"
  dependencies:
    minipass: "npm:^7.1.2"
  checksum: 10c0/5aad75ab0090b8266069c9aabe582c021ae53eb33c6c691054a13a45db3b4f91a7fb1bd79151e6b4e9e9a86727b522527c0a06ec7d45206b745d54cd3097bcec
  languageName: node
  linkType: hard

"node-addon-api@npm:^7.0.0":
  version: 7.1.1
  resolution: "node-addon-api@npm:7.1.1"
  dependencies:
    node-gyp: "npm:latest"
  checksum: 10c0/fb32a206276d608037fa1bcd7e9921e177fe992fc610d098aa3128baca3c0050fc1e014fa007e9b3874cf865ddb4f5bd9f43ccb7cbbbe4efaff6a83e920b17e9
  languageName: node
  linkType: hard

"node-gyp@npm:latest":
  version: 13.0.2
  resolution: "node-gyp@npm:13.0.2"
  dependencies:
    env-paths: "npm:^2.2.0"
    exponential-backoff: "npm:^3.1.1"
    graceful-fs: "npm:^4.2.6"
    nopt: "npm:^10.0.0"
    proc-log: "npm:^7.0.0"
    semver: "npm:^7.3.5"
    tar: "npm:^7.5.4"
    tinyglobby: "npm:^0.2.12"
    undici: "npm:^8.4.1"
    which: "npm:^7.0.0"
  bin:
    node-gyp: bin/node-gyp.js
  checksum: 10c0/29d33ccf47ffeeb5e7af925550b416f698a26a72eb10975c7eb5775c1d0cecacd76d164a4aa45503d3ddcece209db65c712be00423c69381a4cd14e2e6540559
  languageName: node
  linkType: hard

"nopt@npm:^10.0.0":
  version: 10.0.1
  resolution: "nopt@npm:10.0.1"
  dependencies:
    abbrev: "npm:^5.0.0"
  bin:
    nopt: bin/nopt.js
  checksum: 10c0/980d89257f9587f3e1f77877ddbf905d6aa3b738ec33e49a4fa1a059a0dd82eb28063982b150654a7ae9de386f2ead60e56172db7d37cf56de545f7392a2a26a
  languageName: node
  linkType: hard

"picomatch@npm:^4.0.3, picomatch@npm:^4.0.4":
  version: 4.0.7
  resolution: "picomatch@npm:4.0.7"
  checksum: 10c0/beb6ae02c43ae44e84883b90830196d9046b1726ead292adcf7f57945e0bb0d992d68563d87e03b484b6f3c9a5c6defda7523477f047d7f0e663f126cc01787f
  languageName: node
  linkType: hard

"preact@npm:~10.12.1":
  version: 10.12.1
  resolution: "preact@npm:10.12.1"
  checksum: 10c0/c77a55e897dcf298b7aa13637fed29744d3cf6c083f2832856e8551dbf27303c8b6946569736de16b05cba15c0e44ad404beb236ad9e36583a6fc5e2efad7777
  languageName: node
  linkType: hard

"proc-log@npm:^7.0.0":
  version: 7.0.0
  resolution: "proc-log@npm:7.0.0"
  checksum: 10c0/b89c2d862604f35fec795477b0c7e376feab3ba0d4f4d291c4e959567442697cf451ac557d0623c1cc38af45a78128b983410f397a10c5d3a67f76c33de4754b
  languageName: node
  linkType: hard

"rails_admin@npm:3.3.0":
  version: 3.3.0
  resolution: "rails_admin@npm:3.3.0"
  dependencies:
    "@babel/runtime": "npm:^7.16.7"
    "@fortawesome/fontawesome-free": "npm:>=5.15.0 <7.0.0"
    "@hotwired/turbo-rails": "npm:^7.1.0"
    "@popperjs/core": "npm:^2.11.0"
    "@rails/ujs": "npm:^6.1.4-1"
    bootstrap: "npm:^5.1.3"
    flatpickr: "npm:^4.6.9"
    jquery: "npm:^3.6.0"
    jquery-ui: "npm:^1.12.1 <1.14.0"
  checksum: 10c0/9105706b97adae18e2d0c40f17f05f15430b00a1549a53ab59413ec483cc57a62ebeda7990eb1a1c9cdc8678a59a63ff443508813b979792668f8fad4ed78a2d
  languageName: node
  linkType: hard

"readdirp@npm:^5.0.0":
  version: 5.1.1
  resolution: "readdirp@npm:5.1.1"
  checksum: 10c0/5e99755684b9104761e48801828f4d2614efa33b1698629929c5985184dc63a7f8233c827832c40dc7be16b00cc871d303cf9de396d2fb74b9465ee2aa2424a1
  languageName: node
  linkType: hard

"sass@npm:^1.103.1":
  version: 1.103.1
  resolution: "sass@npm:1.103.1"
  dependencies:
    "@parcel/watcher": "npm:^2.4.1"
    chokidar: "npm:^5.0.0"
    immutable: "npm:^5.1.5"
    source-map-js: "npm:>=0.6.2 <2.0.0"
  dependenciesMeta:
    "@parcel/watcher":
      optional: true
  bin:
    sass: sass.js
  checksum: 10c0/8c786a201d9484e9968784d672372fabb342f3b4d1c4629ffdcfba92e4f2c00e659f4e32244c870850f7c2d254ce773da3fc1ec40b4282ccd113c0c086fa36bd
  languageName: node
  linkType: hard

"semver@npm:^7.3.5":
  version: 7.7.4
  resolution: "semver@npm:7.7.4"
  bin:
    semver: bin/semver.js
  checksum: 10c0/5215ad0234e2845d4ea5bb9d836d42b03499546ddafb12075566899fc617f68794bb6f146076b6881d755de17d6c6cc73372555879ec7dce2c2feee947866ad2
  languageName: node
  linkType: hard

"source-map-js@npm:>=0.6.2 <2.0.0":
  version: 1.2.1
  resolution: "source-map-js@npm:1.2.1"
  checksum: 10c0/7bda1fc4c197e3c6ff17de1b8b2c20e60af81b63a52cb32ec5a5d67a20a7d42651e2cb34ebe93833c5a2a084377e17455854fee3e21e7925c64a51b6a52b0faf
  languageName: node
  linkType: hard

"spark-md5@npm:^3.0.1":
  version: 3.0.2
  resolution: "spark-md5@npm:3.0.2"
  checksum: 10c0/3fd11735eac5e7d60d6006d99ac0a055f148a89e9baf5f0b51ac103022dec30556b44190b37f6737ca50f81e8e50dc13e724f9edf6290c412ff5ab2101ce7780
  languageName: node
  linkType: hard

"tar@npm:^7.5.4":
  version: 7.5.22
  resolution: "tar@npm:7.5.22"
  dependencies:
    "@isaacs/fs-minipass": "npm:^4.0.0"
    chownr: "npm:^3.0.0"
    minipass: "npm:^7.1.2"
    minizlib: "npm:^3.1.0"
    yallist: "npm:^5.0.0"
  checksum: 10c0/1311f6be85a8157ac4c9147bae43e13923d2a1aae15e4aa1bd5239e4e03d2cf53cfe103dde7f35832fbb4c938b042856bc8e9a0afd29abd05e2d1608788c4fea
  languageName: node
  linkType: hard

"tinyglobby@npm:^0.2.12":
  version: 0.2.17
  resolution: "tinyglobby@npm:0.2.17"
  dependencies:
    fdir: "npm:^6.5.0"
    picomatch: "npm:^4.0.4"
  checksum: 10c0/7f7bb0f197c88bc4b20c231e0deca4240ca3bf313a88f5a7fee93a872b84966a4d50220947c0455ad07a60b3b360961c5b7fd979222aeb716a9f99b412002e4c
  languageName: node
  linkType: hard

"trix@npm:^2.1.19":
  version: 2.1.19
  resolution: "trix@npm:2.1.19"
  dependencies:
    dompurify: "npm:^3.2.5"
  checksum: 10c0/296a8c6490e3c9b1c1ed3c3ac9a50b1f0dbf898df609c1dea518298ebf5437a174c134610e4e42a2680f6b878f145cc5858fb715a5684b75d9ff04d36e2acd6c
  languageName: node
  linkType: hard

"undici@npm:^8.4.1":
  version: 8.10.0
  resolution: "undici@npm:8.10.0"
  checksum: 10c0/37ae2b1db8f65c3a003504e2040e96887b99f9db16ba07dcf49c37ed8b7f8c72f4452f2d46f52f7c9e49518fe8325e3b5e7e02ac3a2424886bd67d4b62a0ecab
  languageName: node
  linkType: hard

"which@npm:^7.0.0":
  version: 7.0.0
  resolution: "which@npm:7.0.0"
  dependencies:
    isexe: "npm:^4.0.0"
  bin:
    node-which: bin/which.js
  checksum: 10c0/ca0b54f198f78bbc4b7c02e34bda8d335cb352e0adb4cbca1c37b1a957af3a879a82c4c27ca6525bc942f548d8b64f816ef6528360af9f3de55ffb9b979b620d
  languageName: node
  linkType: hard

"yallist@npm:^5.0.0":
  version: 5.0.0
  resolution: "yallist@npm:5.0.0"
  checksum: 10c0/a499c81ce6d4a1d260d4ea0f6d49ab4da09681e32c3f0472dee16667ed69d01dae63a3b81745a24bd78476ec4fcf856114cb4896ace738e01da34b2c42235416
  languageName: node
  linkType: hard
